
Microsoft Visual Studio Solution File, Format Version 12.00
# Visual Studio Version 17
VisualStudioVersion = 17.5.33627.172
MinimumVisualStudioVersion = 10.0.40219.1
Project("{FAE04EC0-301F-11D3-BF4B-00C04F79EFBC}") = "Web", "Web\Web.csproj", "{5F315F30-7C82-448F-8CD9-5B57720EF823}"
EndProject
Project("{FAE04EC0-301F-11D3-BF4B-00C04F79EFBC}") = "Api", "Api\Api.csproj", "{8683C369-F8F9-4608-A086-EA2CE90D4B3B}"
EndProject
Project("{FAE04EC0-301F-11D3-BF4B-00C04F79EFBC}") = "Structure", "Structure\Structure.csproj", "{21732118-A32F-4A4A-B1AC-8032AA2E9D64}"
EndProject
Project("{FAE04EC0-301F-11D3-BF4B-00C04F79EFBC}") = "Work", "Work\Work.csproj", "{F7692E3F-C494-41A1-B543-26A3B4CAABEB}"
EndProject
Global
	GlobalSection(SolutionConfigurationPlatforms) = preSolution
		Debug|Any CPU = Debug|Any CPU
		Release|Any CPU = Release|Any CPU
	EndGlobalSection
	GlobalSection(ProjectConfigurationPlatforms) = postSolution
		{5F315F30-7C82-448F-8CD9-5B57720EF823}.Debug|Any CPU.ActiveCfg = Debug|Any CPU
		{5F315F30-7C82-448F-8CD9-5B57720EF823}.Debug|Any CPU.Build.0 = Debug|Any CPU
		{5F315F30-7C82-448F-8CD9-5B57720EF823}.Release|Any CPU.ActiveCfg = Release|Any CPU
		{5F315F30-7C82-448F-8CD9-5B57720EF823}.Release|Any CPU.Build.0 = Release|Any CPU
		{8683C369-F8F9-4608-A086-EA2CE90D4B3B}.Debug|Any CPU.ActiveCfg = Debug|Any CPU
		{8683C369-F8F9-4608-A086-EA2CE90D4B3B}.Debug|Any CPU.Build.0 = Debug|Any CPU
		{8683C369-F8F9-4608-A086-EA2CE90D4B3B}.Release|Any CPU.ActiveCfg = Release|Any CPU
		{8683C369-F8F9-4608-A086-EA2CE90D4B3B}.Release|Any CPU.Build.0 = Release|Any CPU
		{21732118-A32F-4A4A-B1AC-8032AA2E9D64}.Debug|Any CPU.ActiveCfg = Debug|Any CPU
		{21732118-A32F-4A4A-B1AC-8032AA2E9D64}.Debug|Any CPU.Build.0 = Debug|Any CPU
		{21732118-A32F-4A4A-B1AC-8032AA2E9D64}.Release|Any CPU.ActiveCfg = Release|Any CPU
		{21732118-A32F-4A4A-B1AC-8032AA2E9D64}.Release|Any CPU.Build.0 = Release|Any CPU
		{F7692E3F-C494-41A1-B543-26A3B4CAABEB}.Debug|Any CPU.ActiveCfg = Debug|Any CPU
		{F7692E3F-C494-41A1-B543-26A3B4CAABEB}.Debug|Any CPU.Build.0 = Debug|Any CPU
		{F7692E3F-C494-41A1-B543-26A3B4CAABEB}.Release|Any CPU.ActiveCfg = Release|Any CPU
		{F7692E3F-C494-41A1-B543-26A3B4CAABEB}.Release|Any CPU.Build.0 = Release|Any CPU
	EndGlobalSection
	GlobalSection(SolutionProperties) = preSolution
		HideSolutionNode = FALSE
	EndGlobalSection
	GlobalSection(ExtensibilityGlobals) = postSolution
		SolutionGuid = {7FE1A325-9020-4E50-A362-7FB7214A05B7}
	EndGlobalSection
EndGlobal
